
Microsoft Visual Studio Solution File, Format Version 12.00
# Visual Studio 2012
Project("{FAE04EC0-301F-11D3-BF4B-00C04F79EFBC}") = "Beauty.Web", "Beauty.Web\Beauty.Web.csproj", "{4A3F7996-BCB5-424B-BEF6-5449199D498D}"
EndProject
Project("{FAE04EC0-301F-11D3-BF4B-00C04F79EFBC}") = "Beauty.Web.Tests", "Beauty.Web.Tests\Beauty.Web.Tests.csproj", "{2BC187D2-375D-4DAB-84BF-B6FCB55A1FCE}"
EndProject
Project("{FAE04EC0-301F-11D3-BF4B-00C04F79EFBC}") = "Beauty.Core", "Beauty.Core\Beauty.Core.csproj", "{F6EC6A7F-D4CE-48F6-85D8-3A5DFF662ED5}"
EndProject
Project("{FAE04EC0-301F-11D3-BF4B-00C04F79EFBC}") = "Beauty.InterFace", "Beauty.InterFace\Beauty.InterFace.csproj", "{D44B89E8-56F8-4F4D-9876-DA21432161B5}"
EndProject
Project("{FAE04EC0-301F-11D3-BF4B-00C04F79EFBC}") = "Beauty.Service", "Beauty.Service\Beauty.Service.csproj", "{07099D84-3721-496C-8207-D39F89D66EFC}"
EndProject
Project("{FAE04EC0-301F-11D3-BF4B-00C04F79EFBC}") = "Beauty.Model", "Beauty.Model\Beauty.Model.csproj", "{EA56BFAF-3C09-4872-80D7-9891C6FA421C}"
EndProject
Project("{FAE04EC0-301F-11D3-BF4B-00C04F79EFBC}") = "Beauty.Common", "Beauty.Common\Beauty.Common.csproj", "{5362F80C-7789-4359-8C87-805C8846CBCB}"
EndProject
Project("{FAE04EC0-301F-11D3-BF4B-00C04F79EFBC}") = "Beauty.AppTest", "Beauty.AppTest\Beauty.AppTest.csproj", "{345B5E62-0CF4-4F87-B534-1411FABE328F}"
EndProject
Project("{FAE04EC0-301F-11D3-BF4B-00C04F79EFBC}") = "Beauty.Api", "Beauty.Api\Beauty.Api.csproj", "{8D8765E2-3F9B-49CB-90FA-DF601F63101F}"
EndProject
Project("{FAE04EC0-301F-11D3-BF4B-00C04F79EFBC}") = "Beauty.App", "Beauty.App\Beauty.App.csproj", "{4D8B6584-5478-4131-BA5E-1D92E2649DB4}"
	ProjectSection(ProjectDependencies) = postProject
		{8D8765E2-3F9B-49CB-90FA-DF601F63101F} = {8D8765E2-3F9B-49CB-90FA-DF601F63101F}
	EndProjectSection
EndProject
Project("{6141683F-8A12-4E36-9623-2EB02B2C2303}") = "Beauty.Setup", "Beauty.Setup\Beauty.Setup.isproj", "{C86BA0F4-12BD-4D09-BA1C-9DE9D719CEE0}"
EndProject
Project("{FAE04EC0-301F-11D3-BF4B-00C04F79EFBC}") = "Beauty.Update", "Beauty.Update\Beauty.Update.csproj", "{BD8614B2-C55C-4EB4-AAC9-5BB5A29E1CEC}"
EndProject
Project("{FAE04EC0-301F-11D3-BF4B-00C04F79EFBC}") = "WindowsFormsApplication1", "WindowsFormsApplication1\WindowsFormsApplication1.csproj", "{6828387B-3568-4C13-88A9-3435F59D942A}"
EndProject
Global
	GlobalSection(SolutionConfigurationPlatforms) = preSolution
		CD_ROM|Any CPU = CD_ROM|Any CPU
		CD_ROM|x86 = CD_ROM|x86
		Debug|Any CPU = Debug|Any CPU
		Debug|x86 = Debug|x86
		DVD-5|Any CPU = DVD-5|Any CPU
		DVD-5|x86 = DVD-5|x86
		Release|Any CPU = Release|Any CPU
		Release|x86 = Release|x86
		SingleImage|Any CPU = SingleImage|Any CPU
		SingleImage|x86 = SingleImage|x86
	EndGlobalSection
	GlobalSection(ProjectConfigurationPlatforms) = postSolution
		{4A3F7996-BCB5-424B-BEF6-5449199D498D}.CD_ROM|Any CPU.ActiveCfg = Release|Any CPU
		{4A3F7996-BCB5-424B-BEF6-5449199D498D}.CD_ROM|Any CPU.Build.0 = Release|Any CPU
		{4A3F7996-BCB5-424B-BEF6-5449199D498D}.CD_ROM|x86.ActiveCfg = Release|Any CPU
		{4A3F7996-BCB5-424B-BEF6-5449199D498D}.Debug|Any CPU.ActiveCfg = Debug|Any CPU
		{4A3F7996-BCB5-424B-BEF6-5449199D498D}.Debug|Any CPU.Build.0 = Debug|Any CPU
		{4A3F7996-BCB5-424B-BEF6-5449199D498D}.Debug|x86.ActiveCfg = Debug|Any CPU
		{4A3F7996-BCB5-424B-BEF6-5449199D498D}.DVD-5|Any CPU.ActiveCfg = Debug|Any CPU
		{4A3F7996-BCB5-424B-BEF6-5449199D498D}.DVD-5|Any CPU.Build.0 = Debug|Any CPU
		{4A3F7996-BCB5-424B-BEF6-5449199D498D}.DVD-5|x86.ActiveCfg = Debug|Any CPU
		{4A3F7996-BCB5-424B-BEF6-5449199D498D}.Release|Any CPU.ActiveCfg = Debug|Any CPU
		{4A3F7996-BCB5-424B-BEF6-5449199D498D}.Release|Any CPU.Build.0 = Debug|Any CPU
		{4A3F7996-BCB5-424B-BEF6-5449199D498D}.Release|x86.ActiveCfg = Release|Any CPU
		{4A3F7996-BCB5-424B-BEF6-5449199D498D}.SingleImage|Any CPU.ActiveCfg = Release|Any CPU
		{4A3F7996-BCB5-424B-BEF6-5449199D498D}.SingleImage|Any CPU.Build.0 = Release|Any CPU
		{4A3F7996-BCB5-424B-BEF6-5449199D498D}.SingleImage|x86.ActiveCfg = Release|Any CPU
		{2BC187D2-375D-4DAB-84BF-B6FCB55A1FCE}.CD_ROM|Any CPU.ActiveCfg = Release|Any CPU
		{2BC187D2-375D-4DAB-84BF-B6FCB55A1FCE}.CD_ROM|Any CPU.Build.0 = Release|Any CPU
		{2BC187D2-375D-4DAB-84BF-B6FCB55A1FCE}.CD_ROM|x86.ActiveCfg = Release|Any CPU
		{2BC187D2-375D-4DAB-84BF-B6FCB55A1FCE}.Debug|Any CPU.ActiveCfg = Debug|Any CPU
		{2BC187D2-375D-4DAB-84BF-B6FCB55A1FCE}.Debug|Any CPU.Build.0 = Debug|Any CPU
		{2BC187D2-375D-4DAB-84BF-B6FCB55A1FCE}.Debug|x86.ActiveCfg = Debug|Any CPU
		{2BC187D2-375D-4DAB-84BF-B6FCB55A1FCE}.DVD-5|Any CPU.ActiveCfg = Debug|Any CPU
		{2BC187D2-375D-4DAB-84BF-B6FCB55A1FCE}.DVD-5|Any CPU.Build.0 = Debug|Any CPU
		{2BC187D2-375D-4DAB-84BF-B6FCB55A1FCE}.DVD-5|x86.ActiveCfg = Debug|Any CPU
		{2BC187D2-375D-4DAB-84BF-B6FCB55A1FCE}.Release|Any CPU.ActiveCfg = Debug|Any CPU
		{2BC187D2-375D-4DAB-84BF-B6FCB55A1FCE}.Release|Any CPU.Build.0 = Debug|Any CPU
		{2BC187D2-375D-4DAB-84BF-B6FCB55A1FCE}.Release|x86.ActiveCfg = Release|Any CPU
		{2BC187D2-375D-4DAB-84BF-B6FCB55A1FCE}.SingleImage|Any CPU.ActiveCfg = Release|Any CPU
		{2BC187D2-375D-4DAB-84BF-B6FCB55A1FCE}.SingleImage|Any CPU.Build.0 = Release|Any CPU
		{2BC187D2-375D-4DAB-84BF-B6FCB55A1FCE}.SingleImage|x86.ActiveCfg = Release|Any CPU
		{F6EC6A7F-D4CE-48F6-85D8-3A5DFF662ED5}.CD_ROM|Any CPU.ActiveCfg = Release|Any CPU
		{F6EC6A7F-D4CE-48F6-85D8-3A5DFF662ED5}.CD_ROM|Any CPU.Build.0 = Release|Any CPU
		{F6EC6A7F-D4CE-48F6-85D8-3A5DFF662ED5}.CD_ROM|x86.ActiveCfg = Release|Any CPU
		{F6EC6A7F-D4CE-48F6-85D8-3A5DFF662ED5}.Debug|Any CPU.ActiveCfg = Debug|Any CPU
		{F6EC6A7F-D4CE-48F6-85D8-3A5DFF662ED5}.Debug|Any CPU.Build.0 = Debug|Any CPU
		{F6EC6A7F-D4CE-48F6-85D8-3A5DFF662ED5}.Debug|x86.ActiveCfg = Debug|Any CPU
		{F6EC6A7F-D4CE-48F6-85D8-3A5DFF662ED5}.DVD-5|Any CPU.ActiveCfg = Debug|Any CPU
		{F6EC6A7F-D4CE-48F6-85D8-3A5DFF662ED5}.DVD-5|Any CPU.Build.0 = Debug|Any CPU
		{F6EC6A7F-D4CE-48F6-85D8-3A5DFF662ED5}.DVD-5|x86.ActiveCfg = Debug|Any CPU
		{F6EC6A7F-D4CE-48F6-85D8-3A5DFF662ED5}.Release|Any CPU.ActiveCfg = Debug|Any CPU
		{F6EC6A7F-D4CE-48F6-85D8-3A5DFF662ED5}.Release|Any CPU.Build.0 = Debug|Any CPU
		{F6EC6A7F-D4CE-48F6-85D8-3A5DFF662ED5}.Release|x86.ActiveCfg = Release|Any CPU
		{F6EC6A7F-D4CE-48F6-85D8-3A5DFF662ED5}.SingleImage|Any CPU.ActiveCfg = Release|Any CPU
		{F6EC6A7F-D4CE-48F6-85D8-3A5DFF662ED5}.SingleImage|Any CPU.Build.0 = Release|Any CPU
		{F6EC6A7F-D4CE-48F6-85D8-3A5DFF662ED5}.SingleImage|x86.ActiveCfg = Release|Any CPU
		{D44B89E8-56F8-4F4D-9876-DA21432161B5}.CD_ROM|Any CPU.ActiveCfg = Release|Any CPU
		{D44B89E8-56F8-4F4D-9876-DA21432161B5}.CD_ROM|Any CPU.Build.0 = Release|Any CPU
		{D44B89E8-56F8-4F4D-9876-DA21432161B5}.CD_ROM|x86.ActiveCfg = Release|Any CPU
		{D44B89E8-56F8-4F4D-9876-DA21432161B5}.Debug|Any CPU.ActiveCfg = Debug|Any CPU
		{D44B89E8-56F8-4F4D-9876-DA21432161B5}.Debug|Any CPU.Build.0 = Debug|Any CPU
		{D44B89E8-56F8-4F4D-9876-DA21432161B5}.Debug|x86.ActiveCfg = Debug|Any CPU
		{D44B89E8-56F8-4F4D-9876-DA21432161B5}.DVD-5|Any CPU.ActiveCfg = Debug|Any CPU
		{D44B89E8-56F8-4F4D-9876-DA21432161B5}.DVD-5|Any CPU.Build.0 = Debug|Any CPU
		{D44B89E8-56F8-4F4D-9876-DA21432161B5}.DVD-5|x86.ActiveCfg = Debug|Any CPU
		{D44B89E8-56F8-4F4D-9876-DA21432161B5}.Release|Any CPU.ActiveCfg = Debug|Any CPU
		{D44B89E8-56F8-4F4D-9876-DA21432161B5}.Release|Any CPU.Build.0 = Debug|Any CPU
		{D44B89E8-56F8-4F4D-9876-DA21432161B5}.Release|x86.ActiveCfg = Release|Any CPU
		{D44B89E8-56F8-4F4D-9876-DA21432161B5}.SingleImage|Any CPU.ActiveCfg = Release|Any CPU
		{D44B89E8-56F8-4F4D-9876-DA21432161B5}.SingleImage|Any CPU.Build.0 = Release|Any CPU
		{D44B89E8-56F8-4F4D-9876-DA21432161B5}.SingleImage|x86.ActiveCfg = Release|Any CPU
		{07099D84-3721-496C-8207-D39F89D66EFC}.CD_ROM|Any CPU.ActiveCfg = Release|Any CPU
		{07099D84-3721-496C-8207-D39F89D66EFC}.CD_ROM|Any CPU.Build.0 = Release|Any CPU
		{07099D84-3721-496C-8207-D39F89D66EFC}.CD_ROM|x86.ActiveCfg = Release|Any CPU
		{07099D84-3721-496C-8207-D39F89D66EFC}.Debug|Any CPU.ActiveCfg = Debug|Any CPU
		{07099D84-3721-496C-8207-D39F89D66EFC}.Debug|Any CPU.Build.0 = Debug|Any CPU
		{07099D84-3721-496C-8207-D39F89D66EFC}.Debug|x86.ActiveCfg = Debug|Any CPU
		{07099D84-3721-496C-8207-D39F89D66EFC}.DVD-5|Any CPU.ActiveCfg = Debug|Any CPU
		{07099D84-3721-496C-8207-D39F89D66EFC}.DVD-5|Any CPU.Build.0 = Debug|Any CPU
		{07099D84-3721-496C-8207-D39F89D66EFC}.DVD-5|x86.ActiveCfg = Debug|Any CPU
		{07099D84-3721-496C-8207-D39F89D66EFC}.Release|Any CPU.ActiveCfg = Debug|Any CPU
		{07099D84-3721-496C-8207-D39F89D66EFC}.Release|Any CPU.Build.0 = Debug|Any CPU
		{07099D84-3721-496C-8207-D39F89D66EFC}.Release|x86.ActiveCfg = Release|Any CPU
		{07099D84-3721-496C-8207-D39F89D66EFC}.SingleImage|Any CPU.ActiveCfg = Release|Any CPU
		{07099D84-3721-496C-8207-D39F89D66EFC}.SingleImage|Any CPU.Build.0 = Release|Any CPU
		{07099D84-3721-496C-8207-D39F89D66EFC}.SingleImage|x86.ActiveCfg = Release|Any CPU
		{EA56BFAF-3C09-4872-80D7-9891C6FA421C}.CD_ROM|Any CPU.ActiveCfg = Release|Any CPU
		{EA56BFAF-3C09-4872-80D7-9891C6FA421C}.CD_ROM|Any CPU.Build.0 = Release|Any CPU
		{EA56BFAF-3C09-4872-80D7-9891C6FA421C}.CD_ROM|x86.ActiveCfg = Release|Any CPU
		{EA56BFAF-3C09-4872-80D7-9891C6FA421C}.Debug|Any CPU.ActiveCfg = Debug|Any CPU
		{EA56BFAF-3C09-4872-80D7-9891C6FA421C}.Debug|Any CPU.Build.0 = Debug|Any CPU
		{EA56BFAF-3C09-4872-80D7-9891C6FA421C}.Debug|x86.ActiveCfg = Debug|Any CPU
		{EA56BFAF-3C09-4872-80D7-9891C6FA421C}.DVD-5|Any CPU.ActiveCfg = Debug|Any CPU
		{EA56BFAF-3C09-4872-80D7-9891C6FA421C}.DVD-5|Any CPU.Build.0 = Debug|Any CPU
		{EA56BFAF-3C09-4872-80D7-9891C6FA421C}.DVD-5|x86.ActiveCfg = Debug|Any CPU
		{EA56BFAF-3C09-4872-80D7-9891C6FA421C}.Release|Any CPU.ActiveCfg = Debug|Any CPU
		{EA56BFAF-3C09-4872-80D7-9891C6FA421C}.Release|Any CPU.Build.0 = Debug|Any CPU
		{EA56BFAF-3C09-4872-80D7-9891C6FA421C}.Release|x86.ActiveCfg = Release|Any CPU
		{EA56BFAF-3C09-4872-80D7-9891C6FA421C}.SingleImage|Any CPU.ActiveCfg = Release|Any CPU
		{EA56BFAF-3C09-4872-80D7-9891C6FA421C}.SingleImage|Any CPU.Build.0 = Release|Any CPU
		{EA56BFAF-3C09-4872-80D7-9891C6FA421C}.SingleImage|x86.ActiveCfg = Release|Any CPU
		{5362F80C-7789-4359-8C87-805C8846CBCB}.CD_ROM|Any CPU.ActiveCfg = Release|Any CPU
		{5362F80C-7789-4359-8C87-805C8846CBCB}.CD_ROM|Any CPU.Build.0 = Release|Any CPU
		{5362F80C-7789-4359-8C87-805C8846CBCB}.CD_ROM|x86.ActiveCfg = Release|Any CPU
		{5362F80C-7789-4359-8C87-805C8846CBCB}.Debug|Any CPU.ActiveCfg = Debug|Any CPU
		{5362F80C-7789-4359-8C87-805C8846CBCB}.Debug|Any CPU.Build.0 = Debug|Any CPU
		{5362F80C-7789-4359-8C87-805C8846CBCB}.Debug|x86.ActiveCfg = Debug|Any CPU
		{5362F80C-7789-4359-8C87-805C8846CBCB}.DVD-5|Any CPU.ActiveCfg = Debug|Any CPU
		{5362F80C-7789-4359-8C87-805C8846CBCB}.DVD-5|Any CPU.Build.0 = Debug|Any CPU
		{5362F80C-7789-4359-8C87-805C8846CBCB}.DVD-5|x86.ActiveCfg = Debug|Any CPU
		{5362F80C-7789-4359-8C87-805C8846CBCB}.Release|Any CPU.ActiveCfg = Debug|Any CPU
		{5362F80C-7789-4359-8C87-805C8846CBCB}.Release|Any CPU.Build.0 = Debug|Any CPU
		{5362F80C-7789-4359-8C87-805C8846CBCB}.Release|x86.ActiveCfg = Release|Any CPU
		{5362F80C-7789-4359-8C87-805C8846CBCB}.SingleImage|Any CPU.ActiveCfg = Release|Any CPU
		{5362F80C-7789-4359-8C87-805C8846CBCB}.SingleImage|Any CPU.Build.0 = Release|Any CPU
		{5362F80C-7789-4359-8C87-805C8846CBCB}.SingleImage|x86.ActiveCfg = Release|Any CPU
		{345B5E62-0CF4-4F87-B534-1411FABE328F}.CD_ROM|Any CPU.ActiveCfg = Release|Any CPU
		{345B5E62-0CF4-4F87-B534-1411FABE328F}.CD_ROM|Any CPU.Build.0 = Release|Any CPU
		{345B5E62-0CF4-4F87-B534-1411FABE328F}.CD_ROM|x86.ActiveCfg = Release|Any CPU
		{345B5E62-0CF4-4F87-B534-1411FABE328F}.Debug|Any CPU.ActiveCfg = Debug|Any CPU
		{345B5E62-0CF4-4F87-B534-1411FABE328F}.Debug|Any CPU.Build.0 = Debug|Any CPU
		{345B5E62-0CF4-4F87-B534-1411FABE328F}.Debug|x86.ActiveCfg = Debug|Any CPU
		{345B5E62-0CF4-4F87-B534-1411FABE328F}.DVD-5|Any CPU.ActiveCfg = Debug|Any CPU
		{345B5E62-0CF4-4F87-B534-1411FABE328F}.DVD-5|Any CPU.Build.0 = Debug|Any CPU
		{345B5E62-0CF4-4F87-B534-1411FABE328F}.DVD-5|x86.ActiveCfg = Debug|Any CPU
		{345B5E62-0CF4-4F87-B534-1411FABE328F}.Release|Any CPU.ActiveCfg = Debug|Any CPU
		{345B5E62-0CF4-4F87-B534-1411FABE328F}.Release|Any CPU.Build.0 = Debug|Any CPU
		{345B5E62-0CF4-4F87-B534-1411FABE328F}.Release|x86.ActiveCfg = Release|Any CPU
		{345B5E62-0CF4-4F87-B534-1411FABE328F}.SingleImage|Any CPU.ActiveCfg = Release|Any CPU
		{345B5E62-0CF4-4F87-B534-1411FABE328F}.SingleImage|Any CPU.Build.0 = Release|Any CPU
		{345B5E62-0CF4-4F87-B534-1411FABE328F}.SingleImage|x86.ActiveCfg = Release|Any CPU
		{8D8765E2-3F9B-49CB-90FA-DF601F63101F}.CD_ROM|Any CPU.ActiveCfg = Release|Any CPU
		{8D8765E2-3F9B-49CB-90FA-DF601F63101F}.CD_ROM|Any CPU.Build.0 = Release|Any CPU
		{8D8765E2-3F9B-49CB-90FA-DF601F63101F}.CD_ROM|x86.ActiveCfg = Release|Any CPU
		{8D8765E2-3F9B-49CB-90FA-DF601F63101F}.Debug|Any CPU.ActiveCfg = Debug|Any CPU
		{8D8765E2-3F9B-49CB-90FA-DF601F63101F}.Debug|Any CPU.Build.0 = Debug|Any CPU
		{8D8765E2-3F9B-49CB-90FA-DF601F63101F}.Debug|x86.ActiveCfg = Debug|Any CPU
		{8D8765E2-3F9B-49CB-90FA-DF601F63101F}.DVD-5|Any CPU.ActiveCfg = Debug|Any CPU
		{8D8765E2-3F9B-49CB-90FA-DF601F63101F}.DVD-5|Any CPU.Build.0 = Debug|Any CPU
		{8D8765E2-3F9B-49CB-90FA-DF601F63101F}.DVD-5|x86.ActiveCfg = Debug|Any CPU
		{8D8765E2-3F9B-49CB-90FA-DF601F63101F}.Release|Any CPU.ActiveCfg = Debug|Any CPU
		{8D8765E2-3F9B-49CB-90FA-DF601F63101F}.Release|Any CPU.Build.0 = Debug|Any CPU
		{8D8765E2-3F9B-49CB-90FA-DF601F63101F}.Release|x86.ActiveCfg = Release|Any CPU
		{8D8765E2-3F9B-49CB-90FA-DF601F63101F}.SingleImage|Any CPU.ActiveCfg = Release|Any CPU
		{8D8765E2-3F9B-49CB-90FA-DF601F63101F}.SingleImage|Any CPU.Build.0 = Release|Any CPU
		{8D8765E2-3F9B-49CB-90FA-DF601F63101F}.SingleImage|x86.ActiveCfg = Release|Any CPU
		{4D8B6584-5478-4131-BA5E-1D92E2649DB4}.CD_ROM|Any CPU.ActiveCfg = Release|Any CPU
		{4D8B6584-5478-4131-BA5E-1D92E2649DB4}.CD_ROM|Any CPU.Build.0 = Release|Any CPU
		{4D8B6584-5478-4131-BA5E-1D92E2649DB4}.CD_ROM|x86.ActiveCfg = Debug|x86
		{4D8B6584-5478-4131-BA5E-1D92E2649DB4}.CD_ROM|x86.Build.0 = Debug|x86
		{4D8B6584-5478-4131-BA5E-1D92E2649DB4}.Debug|Any CPU.ActiveCfg = Debug|Any CPU
		{4D8B6584-5478-4131-BA5E-1D92E2649DB4}.Debug|Any CPU.Build.0 = Debug|Any CPU
		{4D8B6584-5478-4131-BA5E-1D92E2649DB4}.Debug|x86.ActiveCfg = Debug|Any CPU
		{4D8B6584-5478-4131-BA5E-1D92E2649DB4}.Debug|x86.Build.0 = Debug|Any CPU
		{4D8B6584-5478-4131-BA5E-1D92E2649DB4}.DVD-5|Any CPU.ActiveCfg = Debug|Any CPU
		{4D8B6584-5478-4131-BA5E-1D92E2649DB4}.DVD-5|Any CPU.Build.0 = Debug|Any CPU
		{4D8B6584-5478-4131-BA5E-1D92E2649DB4}.DVD-5|x86.ActiveCfg = Debug|x86
		{4D8B6584-5478-4131-BA5E-1D92E2649DB4}.DVD-5|x86.Build.0 = Debug|x86
		{4D8B6584-5478-4131-BA5E-1D92E2649DB4}.Release|Any CPU.ActiveCfg = Debug|Any CPU
		{4D8B6584-5478-4131-BA5E-1D92E2649DB4}.Release|Any CPU.Build.0 = Debug|Any CPU
		{4D8B6584-5478-4131-BA5E-1D92E2649DB4}.Release|x86.ActiveCfg = Release|x86
		{4D8B6584-5478-4131-BA5E-1D92E2649DB4}.Release|x86.Build.0 = Release|x86
		{4D8B6584-5478-4131-BA5E-1D92E2649DB4}.SingleImage|Any CPU.ActiveCfg = Release|Any CPU
		{4D8B6584-5478-4131-BA5E-1D92E2649DB4}.SingleImage|Any CPU.Build.0 = Release|Any CPU
		{4D8B6584-5478-4131-BA5E-1D92E2649DB4}.SingleImage|x86.ActiveCfg = Debug|x86
		{4D8B6584-5478-4131-BA5E-1D92E2649DB4}.SingleImage|x86.Build.0 = Debug|x86
		{C86BA0F4-12BD-4D09-BA1C-9DE9D719CEE0}.CD_ROM|Any CPU.ActiveCfg = CD_ROM
		{C86BA0F4-12BD-4D09-BA1C-9DE9D719CEE0}.CD_ROM|Any CPU.Build.0 = CD_ROM
		{C86BA0F4-12BD-4D09-BA1C-9DE9D719CEE0}.CD_ROM|x86.ActiveCfg = CD_ROM
		{C86BA0F4-12BD-4D09-BA1C-9DE9D719CEE0}.CD_ROM|x86.Build.0 = CD_ROM
		{C86BA0F4-12BD-4D09-BA1C-9DE9D719CEE0}.Debug|Any CPU.ActiveCfg = SingleImage
		{C86BA0F4-12BD-4D09-BA1C-9DE9D719CEE0}.Debug|Any CPU.Build.0 = SingleImage
		{C86BA0F4-12BD-4D09-BA1C-9DE9D719CEE0}.Debug|x86.ActiveCfg = DVD-5
		{C86BA0F4-12BD-4D09-BA1C-9DE9D719CEE0}.Debug|x86.Build.0 = DVD-5
		{C86BA0F4-12BD-4D09-BA1C-9DE9D719CEE0}.DVD-5|Any CPU.ActiveCfg = DVD-5
		{C86BA0F4-12BD-4D09-BA1C-9DE9D719CEE0}.DVD-5|Any CPU.Build.0 = DVD-5
		{C86BA0F4-12BD-4D09-BA1C-9DE9D719CEE0}.DVD-5|x86.ActiveCfg = DVD-5
		{C86BA0F4-12BD-4D09-BA1C-9DE9D719CEE0}.DVD-5|x86.Build.0 = DVD-5
		{C86BA0F4-12BD-4D09-BA1C-9DE9D719CEE0}.Release|Any CPU.ActiveCfg = SingleImage
		{C86BA0F4-12BD-4D09-BA1C-9DE9D719CEE0}.Release|Any CPU.Build.0 = SingleImage
		{C86BA0F4-12BD-4D09-BA1C-9DE9D719CEE0}.Release|x86.ActiveCfg = SingleImage
		{C86BA0F4-12BD-4D09-BA1C-9DE9D719CEE0}.Release|x86.Build.0 = SingleImage
		{C86BA0F4-12BD-4D09-BA1C-9DE9D719CEE0}.SingleImage|Any CPU.ActiveCfg = SingleImage
		{C86BA0F4-12BD-4D09-BA1C-9DE9D719CEE0}.SingleImage|Any CPU.Build.0 = SingleImage
		{C86BA0F4-12BD-4D09-BA1C-9DE9D719CEE0}.SingleImage|x86.ActiveCfg = SingleImage
		{C86BA0F4-12BD-4D09-BA1C-9DE9D719CEE0}.SingleImage|x86.Build.0 = SingleImage
		{BD8614B2-C55C-4EB4-AAC9-5BB5A29E1CEC}.CD_ROM|Any CPU.ActiveCfg = Release|Any CPU
		{BD8614B2-C55C-4EB4-AAC9-5BB5A29E1CEC}.CD_ROM|Any CPU.Build.0 = Release|Any CPU
		{BD8614B2-C55C-4EB4-AAC9-5BB5A29E1CEC}.CD_ROM|x86.ActiveCfg = Release|Any CPU
		{BD8614B2-C55C-4EB4-AAC9-5BB5A29E1CEC}.Debug|Any CPU.ActiveCfg = Debug|Any CPU
		{BD8614B2-C55C-4EB4-AAC9-5BB5A29E1CEC}.Debug|Any CPU.Build.0 = Debug|Any CPU
		{BD8614B2-C55C-4EB4-AAC9-5BB5A29E1CEC}.Debug|x86.ActiveCfg = Debug|Any CPU
		{BD8614B2-C55C-4EB4-AAC9-5BB5A29E1CEC}.DVD-5|Any CPU.ActiveCfg = Debug|Any CPU
		{BD8614B2-C55C-4EB4-AAC9-5BB5A29E1CEC}.DVD-5|Any CPU.Build.0 = Debug|Any CPU
		{BD8614B2-C55C-4EB4-AAC9-5BB5A29E1CEC}.DVD-5|x86.ActiveCfg = Debug|Any CPU
		{BD8614B2-C55C-4EB4-AAC9-5BB5A29E1CEC}.Release|Any CPU.ActiveCfg = Release|Any CPU
		{BD8614B2-C55C-4EB4-AAC9-5BB5A29E1CEC}.Release|Any CPU.Build.0 = Release|Any CPU
		{BD8614B2-C55C-4EB4-AAC9-5BB5A29E1CEC}.Release|x86.ActiveCfg = Release|Any CPU
		{BD8614B2-C55C-4EB4-AAC9-5BB5A29E1CEC}.SingleImage|Any CPU.ActiveCfg = Release|Any CPU
		{BD8614B2-C55C-4EB4-AAC9-5BB5A29E1CEC}.SingleImage|Any CPU.Build.0 = Release|Any CPU
		{BD8614B2-C55C-4EB4-AAC9-5BB5A29E1CEC}.SingleImage|x86.ActiveCfg = Release|Any CPU
		{6828387B-3568-4C13-88A9-3435F59D942A}.CD_ROM|Any CPU.ActiveCfg = Release|Any CPU
		{6828387B-3568-4C13-88A9-3435F59D942A}.CD_ROM|Any CPU.Build.0 = Release|Any CPU
		{6828387B-3568-4C13-88A9-3435F59D942A}.CD_ROM|x86.ActiveCfg = Release|Any CPU
		{6828387B-3568-4C13-88A9-3435F59D942A}.Debug|Any CPU.ActiveCfg = Debug|Any CPU
		{6828387B-3568-4C13-88A9-3435F59D942A}.Debug|Any CPU.Build.0 = Debug|Any CPU
		{6828387B-3568-4C13-88A9-3435F59D942A}.Debug|x86.ActiveCfg = Debug|Any CPU
		{6828387B-3568-4C13-88A9-3435F59D942A}.DVD-5|Any CPU.ActiveCfg = Debug|Any CPU
		{6828387B-3568-4C13-88A9-3435F59D942A}.DVD-5|Any CPU.Build.0 = Debug|Any CPU
		{6828387B-3568-4C13-88A9-3435F59D942A}.DVD-5|x86.ActiveCfg = Debug|Any CPU
		{6828387B-3568-4C13-88A9-3435F59D942A}.Release|Any CPU.ActiveCfg = Release|Any CPU
		{6828387B-3568-4C13-88A9-3435F59D942A}.Release|Any CPU.Build.0 = Release|Any CPU
		{6828387B-3568-4C13-88A9-3435F59D942A}.Release|x86.ActiveCfg = Release|Any CPU
		{6828387B-3568-4C13-88A9-3435F59D942A}.SingleImage|Any CPU.ActiveCfg = Release|Any CPU
		{6828387B-3568-4C13-88A9-3435F59D942A}.SingleImage|Any CPU.Build.0 = Release|Any CPU
		{6828387B-3568-4C13-88A9-3435F59D942A}.SingleImage|x86.ActiveCfg = Release|Any CPU
	EndGlobalSection
	GlobalSection(SolutionProperties) = preSolution
		HideSolutionNode = FALSE
	EndGlobalSection
EndGlobal
